// !$*UTF8*$!
{
	archiveVersion = 1;
	classes = {
	};
	objectVersion = 48;
	objects = {

/* Begin PBXBuildFile section */
		761B18822068FFD100632375 /* AppDelegate.swift in Sources */ = {isa = PBXBuildFile; fileRef = 761B18812068FFD100632375 /* AppDelegate.swift */; };
		761B18842068FFD100632375 /* ViewController.swift in Sources */ = {isa = PBXBuildFile; fileRef = 761B18832068FFD100632375 /* ViewController.swift */; };
		761B18872068FFD100632375 /* Main.storyboard in Resources */ = {isa = PBXBuildFile; fileRef = 761B18852068FFD100632375 /* Main.storyboard */; };
		761B18892068FFD100632375 /* Assets.xcassets in Resources */ = {isa = PBXBuildFile; fileRef = 761B18882068FFD100632375 /* Assets.xcassets */; };
		761B188C2068FFD100632375 /* LaunchScreen.storyboard in Resources */ = {isa = PBXBuildFile; fileRef = 761B188A2068FFD100632375 /* LaunchScreen.storyboard */; };
		761B18942069063B00632375 /* MySegue.swift in Sources */ = {isa = PBXBuildFile; fileRef = 761B18932069063B00632375 /* MySegue.swift */; };
/* End PBXBuildFile section */

/* Begin PBXFileReference section */
		761B187E2068FFD100632375 /* AnimationIS.app */ = {isa = PBXFileReference; explicitFileType = wrapper.application; includeInIndex = 0; path = AnimationIS.app; sourceTree = BUILT_PRODUCTS_DIR; };
		761B18812068FFD100632375 /* AppDelegate.swift */ = {isa = PBXFileReference; lastKnownFileType = sourcecode.swift; path = AppDelegate.swift; sourceTree = "<group>"; };
		761B18832068FFD100632375 /* ViewController.swift */ = {isa = PBXFileReference; lastKnownFileType = sourcecode.swift; path = ViewController.swift; sourceTree = "<group>"; };
		761B18862068FFD100632375 /* Base */ = {isa = PBXFileReference; lastKnownFileType = file.storyboard; name = Base; path = Base.lproj/Main.storyboard; sourceTree = "<group>"; };
		761B18882068FFD100632375 /* Assets.xcassets */ = {isa = PBXFileReference; lastKnownFileType = folder.assetcatalog; path = Assets.xcassets; sourceTree = "<group>"; };
		761B188B2068FFD100632375 /* Base */ = {isa = PBXFileReference; lastKnownFileType = file.storyboard; name = Base; path = Base.lproj/LaunchScreen.storyboard; sourceTree = "<group>"; };
		761B188D2068FFD100632375 /* Info.plist */ = {isa = PBXFileReference; lastKnownFileType = text.plist.xml; path = Info.plist; sourceTree = "<group>"; };
		761B18932069063B00632375 /* MySegue.swift */ = {isa = PBXFileReference; lastKnownFileType = sourcecode.swift; path = MySegue.swift; sourceTree = "<group>"; };
/* End PBXFileReference section */

/* Begin PBXFrameworksBuildPhase section */
		761B187B2068FFD100632375 /* Frameworks */ = {
			isa = PBXFrameworksBuildPhase;
			buildActionMask = 2147483647;
			files = (
			);
			runOnlyForDeploymentPostprocessing = 0;
		};
/* End PBXFrameworksBuildPhase section */

/* Begin PBXGroup section */
		761B18752068FFD100632375 = {
			isa = PBXGroup;
			children = (
				761B18802068FFD100632375 /* AnimationIS */,
				761B187F2068FFD100632375 /* Products */,
			);
			sourceTree = "<group>";
		};
		761B187F2068FFD100632375 /* Products */ = {
			isa = PBXGroup;
			children = (
				761B187E2068FFD100632375 /* AnimationIS.app */,
			);
			name = Products;
			sourceTree = "<group>";
		};
		761B18802068FFD100632375 /* AnimationIS */ = {
			isa = PBXGroup;
			children = (
				761B18812068FFD100632375 /* AppDelegate.swift */,
				761B18832068FFD100632375 /* ViewController.swift */,
				761B18932069063B00632375 /* MySegue.swift */,
				761B18852068FFD100632375 /* Main.storyboard */,
				761B18882068FFD100632375 /* Assets.xcassets */,
				761B188A2068FFD100632375 /* LaunchScreen.storyboard */,
				761B188D2068FFD100632375 /* Info.plist */,
			);
			path = AnimationIS;
			sourceTree = "<group>";
		};
/* End PBXGroup section */

/* Begin PBXNativeTarget section */
		761B187D2068FFD100632375 /* AnimationIS */ = {
			isa = PBXNativeTarget;
			buildConfigurationList = 761B18902068FFD100632375 /* Build configuration list for PBXNativeTarget "AnimationIS" */;
			buildPhases = (
				761B187A2068FFD100632375 /* Sources */,
				761B187B2068FFD100632375 /* Frameworks */,
				761B187C2068FFD100632375 /* Resources */,
			);
			buildRules = (
			);
			dependencies = (
			);
			name = AnimationIS;
			productName = AnimationIS;
			productReference = 761B187E2068FFD100632375 /* AnimationIS.app */;
			productType = "com.apple.product-type.application";
		};
/* End PBXNativeTarget section */

/* Begin PBXProject section */
		761B18762068FFD100632375 /* Project object */ = {
			isa = PBXProject;
			attributes = {
				LastSwiftUpdateCheck = 0900;
				LastUpgradeCheck = 0900;
				ORGANIZATIONNAME = SDU;
				TargetAttributes = {
					761B187D2068FFD100632375 = {
						CreatedOnToolsVersion = 9.0;
						ProvisioningStyle = Automatic;
					};
				};
			};
			buildConfigurationList = 761B18792068FFD100632375 /* Build configuration list for PBXProject "AnimationIS" */;
			compatibilityVersion = "Xcode 8.0";
			developmentRegion = en;
			hasScannedForEncodings = 0;
			knownRegions = (
				en,
				Base,
			);
			mainGroup = 761B18752068FFD100632375;
			productRefGroup = 761B187F2068FFD100632375 /* Products */;
			projectDirPath = "";
			projectRoot = "";
			targets = (
				761B187D2068FFD100632375 /* AnimationIS */,
			);
		};
/* End PBXProject section */

/* Begin PBXResourcesBuildPhase section */
		761B187C2068FFD100632375 /* Resources */ = {
			isa = PBXResourcesBuildPhase;
			buildActionMask = 2147483647;
			files = (
				761B188C2068FFD100632375 /* LaunchScreen.storyboard in Resources */,
				761B18892068FFD100632375 /* Assets.xcassets in Resources */,
				761B18872068FFD100632375 /* Main.storyboard in Resources */,
			);
			runOnlyForDeploymentPostprocessing = 0;
		};
/* End PBXResourcesBuildPhase section */

/* Begin PBXSourcesBuildPhase section */
		761B187A2068FFD100632375 /* Sources */ = {
			isa = PBXSourcesBuildPhase;
			buildActionMask = 2147483647;
			files = (
				761B18842068FFD100632375 /* ViewController.swift in Sources */,
				761B18822068FFD100632375 /* AppDelegate.swift in Sources */,
				761B18942069063B00632375 /* MySegue.swift in Sources */,
			);
			runOnlyForDeploymentPostprocessing = 0;
		};
/* End PBXSourcesBuildPhase section */

/* Begin PBXVariantGroup section */
		761B18852068FFD100632375 /* Main.storyboard */ = {
			isa = PBXVariantGroup;
			children = (
				761B18862068FFD100632375 /* Base */,
			);
			name = Main.storyboard;
			sourceTree = "<group>";
		};
		761B188A2068FFD100632375 /* LaunchScreen.storyboard */ = {
			isa = PBXVariantGroup;
			children = (
				761B188B2068FFD100632375 /* Base */,
			);
			name = LaunchScreen.storyboard;
			sourceTree = "<group>";
		};
/* End PBXVariantGroup section */

/* Begin XCBuildConfiguration section */
		761B188E2068FFD100632375 /* Debug */ = {
			isa = XCBuildConfiguration;
			buildSettings = {
				ALWAYS_SEARCH_USER_PATHS = NO;
				CLANG_ANALYZER_NONNULL = YES;
				CLANG_ANALYZER_NUMBER_OBJECT_CONVERSION = YES_AGGRESSIVE;
				CLANG_CXX_LANGUAGE_STANDARD = "gnu++14";
				CLANG_CXX_LIBRARY = "libc++";
				CLANG_ENABLE_MODULES = YES;
				CLANG_ENABLE_OBJC_ARC = YES;
				CLANG_WARN_BLOCK_CAPTURE_AUTORELEASING = YES;
				CLANG_WARN_BOOL_CONVERSION = YES;
				CLANG_WARN_COMMA = YES;
				CLANG_WARN_CONSTANT_CONVERSION = YES;
				CLANG_WARN_DIRECT_OBJC_ISA_USAGE = YES_ERROR;
				CLANG_WARN_DOCUMENTATION_COMMENTS = YES;
				CLANG_WARN_EMPTY_BODY = YES;
				CLANG_WARN_ENUM_CONVERSION = YES;
				CLANG_WARN_INFINITE_RECURSION = YES;
				CLANG_WARN_INT_CONVERSION = YES;
				CLANG_WARN_NON_LITERAL_NULL_CONVERSION = YES;
				CLANG_WARN_OBJC_LITERAL_CONVERSION = YES;
				CLANG_WARN_OBJC_ROOT_CLASS = YES_ERROR;
				CLANG_WARN_RANGE_LOOP_ANALYSIS = YES;
				CLANG_WARN_STRICT_PROTOTYPES = YES;
				CLANG_WARN_SUSPICIOUS_MOVE = YES;
				CLANG_WARN_UNGUARDED_AVAILABILITY = YES_AGGRESSIVE;
				CLANG_WARN_UNREACHABLE_CODE = YES;
				CLANG_WARN__DUPLICATE_METHOD_MATCH = YES;
				CODE_SIGN_IDENTITY = "iPhone Developer";
				COPY_PHASE_STRIP = NO;
				DEBUG_INFORMATION_FORMAT = dwarf;
				ENABLE_STRICT_OBJC_MSGSEND = YES;
				ENABLE_TESTABILITY = YES;
				GCC_C_LANGUAGE_STANDARD = gnu11;
				GCC_DYNAMIC_NO_PIC = NO;
				GCC_NO_COMMON_BLOCKS = YES;
				GCC_OPTIMIZATION_LEVEL = 0;
				GCC_PREPROCESSOR_DEFINITIONS = (
					"DEBUG=1",
					"$(inherited)",
				);
				GCC_WARN_64_TO_32_BIT_CONVERSION = YES;
				GCC_WARN_ABOUT_RETURN_TYPE = YES_ERROR;
				GCC_WARN_UNDECLARED_SELECTOR = YES;
				GCC_WARN_UNINITIALIZED_AUTOS = YES_AGGRESSIVE;
				GCC_WARN_UNUSED_FUNCTION = YES;
				GCC_WARN_UNUSED_VARIABLE = YES;
				IPHONEOS_DEPLOYMENT_TARGET = 11.0;
				MTL_ENABLE_DEBUG_INFO = YES;
				ONLY_ACTIVE_ARCH = YES;
				SDKROOT = iphoneos;
				SWIFT_ACTIVE_COMPILATION_CONDITIONS = DEBUG;
				SWIFT_OPTIMIZATION_LEVEL = "-Onone";
			};
			name = Debug;
		};
		761B188F2068FFD100632375 /* Release */ = {
			isa = XCBuildConfiguration;
			buildSettings = {
				ALWAYS_SEARCH_USER_PATHS = NO;
				CLANG_ANALYZER_NONNULL = YES;
				CLANG_ANALYZER_NUMBER_OBJECT_CONVERSION = YES_AGGRESSIVE;
				CLANG_CXX_LANGUAGE_STANDARD = "gnu++14";
				CLANG_CXX_LIBRARY = "libc++";
				CLANG_ENABLE_MODULES = YES;
				CLANG_ENABLE_OBJC_ARC = YES;
				CLANG_WARN_BLOCK_CAPTURE_AUTORELEASING = YES;
				CLANG_WARN_BOOL_CONVERSION = YES;
				CLANG_WARN_COMMA = YES;
				CLANG_WARN_CONSTANT_CONVERSION = YES;
				CLANG_WARN_DIRECT_OBJC_ISA_USAGE = YES_ERROR;
				CLANG_WARN_DOCUMENTATION_COMMENTS = YES;
				CLANG_WARN_EMPTY_BODY = YES;
				CLANG_WARN_ENUM_CONVERSION = YES;
				CLANG_WARN_INFINITE_RECURSION = YES;
				CLANG_WARN_INT_CONVERSION = YES;
				CLANG_WARN_NON_LITERAL_NULL_CONVERSION = YES;
				CLANG_WARN_OBJC_LITERAL_CONVERSION = YES;
				CLANG_WARN_OBJC_ROOT_CLASS = YES_ERROR;
				CLANG_WARN_RANGE_LOOP_ANALYSIS = YES;
				CLANG_WARN_STRICT_PROTOTYPES = YES;
				CLANG_WARN_SUSPICIOUS_MOVE = YES;
				CLANG_WARN_UNGUARDED_AVAILABILITY = YES_AGGRESSIVE;
				CLANG_WARN_UNREACHABLE_CODE = YES;
				CLANG_WARN__DUPLICATE_METHOD_MATCH = YES;
				CODE_SIGN_IDENTITY = "iPhone Developer";
				COPY_PHASE_STRIP = NO;
				DEBUG_INFORMATION_FORMAT = "dwarf-with-dsym";
				ENABLE_NS_ASSERTIONS = NO;
				ENABLE_STRICT_OBJC_MSGSEND = YES;
				GCC_C_LANGUAGE_STANDARD = gnu11;
				GCC_NO_COMMON_BLOCKS = YES;
				GCC_WARN_64_TO_32_BIT_CONVERSION = YES;
				GCC_WARN_ABOUT_RETURN_TYPE = YES_ERROR;
				GCC_WARN_UNDECLARED_SELECTOR = YES;
				GCC_WARN_UNINITIALIZED_AUTOS = YES_AGGRESSIVE;
				GCC_WARN_UNUSED_FUNCTION = YES;
				GCC_WARN_UNUSED_VARIABLE = YES;
				IPHONEOS_DEPLOYMENT_TARGET = 11.0;
				MTL_ENABLE_DEBUG_INFO = NO;
				SDKROOT = iphoneos;
				SWIFT_OPTIMIZATION_LEVEL = "-Owholemodule";
				VALIDATE_PRODUCT = YES;
			};
			name = Release;
		};
		761B18912068FFD100632375 /* Debug */ = {
			isa = XCBuildConfiguration;
			buildSettings = {
				ASSETCATALOG_COMPILER_APPICON_NAME = AppIcon;
				CODE_SIGN_STYLE = Automatic;
				DEVELOPMENT_TEAM = 783244J2ZD;
				INFOPLIST_FILE = AnimationIS/Info.plist;
				LD_RUNPATH_SEARCH_PATHS = "$(inherited) @executable_path/Frameworks";
				PRODUCT_BUNDLE_IDENTIFIER = sdu.edu.kz.271192.AnimationIS;
				PRODUCT_NAME = "$(TARGET_NAME)";
				SWIFT_VERSION = 4.0;
				TARGETED_DEVICE_FAMILY = "1,2";
			};
			name = Debug;
		};
		761B18922068FFD100632375 /* Release */ = {
			isa = XCBuildConfiguration;
			buildSettings = {
				ASSETCATALOG_COMPILER_APPICON_NAME = AppIcon;
				CODE_SIGN_STYLE = Automatic;
				DEVELOPMENT_TEAM = 783244J2ZD;
				INFOPLIST_FILE = AnimationIS/Info.plist;
				LD_RUNPATH_SEARCH_PATHS = "$(inherited) @executable_path/Frameworks";
				PRODUCT_BUNDLE_IDENTIFIER = sdu.edu.kz.271192.AnimationIS;
				PRODUCT_NAME = "$(TARGET_NAME)";
				SWIFT_VERSION = 4.0;
				TARGETED_DEVICE_FAMILY = "1,2";
			};
			name = Release;
		};
/* End XCBuildConfiguration section */

/* Begin XCConfigurationList section */
		761B18792068FFD100632375 /* Build configuration list for PBXProject "AnimationIS" */ = {
			isa = XCConfigurationList;
			buildConfigurations = (
				761B188E2068FFD100632375 /* Debug */,
				761B188F2068FFD100632375 /* Release */,
			);
			defaultConfigurationIsVisible = 0;
			defaultConfigurationName = Release;
		};
		761B18902068FFD100632375 /* Build configuration list for PBXNativeTarget "AnimationIS" */ = {
			isa = XCConfigurationList;
			buildConfigurations = (
				761B18912068FFD100632375 /* Debug */,
				761B18922068FFD100632375 /* Release */,
			);
			defaultConfigurationIsVisible = 0;
			defaultConfigurationName = Release;
		};
/* End XCConfigurationList section */
	};
	rootObject = 761B18762068FFD100632375 /* Project object */;
}
