// !$*UTF8*$!
{
	archiveVersion = 1;
	classes = {
	};
	objectVersion = 50;
	objects = {

/* Begin PBXBuildFile section */
		2CDF6B3820A8000F00D7C15E /* AppDelegate.swift in Sources */ = {isa = PBXBuildFile; fileRef = 2CDF6B3720A8000F00D7C15E /* AppDelegate.swift */; };
		2CDF6B3A20A8000F00D7C15E /* ViewController.swift in Sources */ = {isa = PBXBuildFile; fileRef = 2CDF6B3920A8000F00D7C15E /* ViewController.swift */; };
		2CDF6B3D20A8000F00D7C15E /* Main.storyboard in Resources */ = {isa = PBXBuildFile; fileRef = 2CDF6B3B20A8000F00D7C15E /* Main.storyboard */; };
		2CDF6B4020A8000F00D7C15E /* hackSdu2Plus.xcdatamodeld in Sources */ = {isa = PBXBuildFile; fileRef = 2CDF6B3E20A8000F00D7C15E /* hackSdu2Plus.xcdatamodeld */; };
		2CDF6B4220A8001000D7C15E /* Assets.xcassets in Resources */ = {isa = PBXBuildFile; fileRef = 2CDF6B4120A8001000D7C15E /* Assets.xcassets */; };
		2CDF6B4520A8001000D7C15E /* LaunchScreen.storyboard in Resources */ = {isa = PBXBuildFile; fileRef = 2CDF6B4320A8001000D7C15E /* LaunchScreen.storyboard */; };
/* End PBXBuildFile section */

/* Begin PBXFileReference section */
		2CDF6B3420A8000F00D7C15E /* hackSdu2Plus.app */ = {isa = PBXFileReference; explicitFileType = wrapper.application; includeInIndex = 0; path = hackSdu2Plus.app; sourceTree = BUILT_PRODUCTS_DIR; };
		2CDF6B3720A8000F00D7C15E /* AppDelegate.swift */ = {isa = PBXFileReference; lastKnownFileType = sourcecode.swift; path = AppDelegate.swift; sourceTree = "<group>"; };
		2CDF6B3920A8000F00D7C15E /* ViewController.swift */ = {isa = PBXFileReference; lastKnownFileType = sourcecode.swift; path = ViewController.swift; sourceTree = "<group>"; };
		2CDF6B3C20A8000F00D7C15E /* Base */ = {isa = PBXFileReference; lastKnownFileType = file.storyboard; name = Base; path = Base.lproj/Main.storyboard; sourceTree = "<group>"; };
		2CDF6B3F20A8000F00D7C15E /* hackSdu2Plus.xcdatamodel */ = {isa = PBXFileReference; lastKnownFileType = wrapper.xcdatamodel; path = hackSdu2Plus.xcdatamodel; sourceTree = "<group>"; };
		2CDF6B4120A8001000D7C15E /* Assets.xcassets */ = {isa = PBXFileReference; lastKnownFileType = folder.assetcatalog; path = Assets.xcassets; sourceTree = "<group>"; };
		2CDF6B4420A8001000D7C15E /* Base */ = {isa = PBXFileReference; lastKnownFileType = file.storyboard; name = Base; path = Base.lproj/LaunchScreen.storyboard; sourceTree = "<group>"; };
		2CDF6B4620A8001000D7C15E /* Info.plist */ = {isa = PBXFileReference; lastKnownFileType = text.plist.xml; path = Info.plist; sourceTree = "<group>"; };
/* End PBXFileReference section */

/* Begin PBXFrameworksBuildPhase section */
		2CDF6B3120A8000F00D7C15E /* Frameworks */ = {
			isa = PBXFrameworksBuildPhase;
			buildActionMask = 2147483647;
			files = (
			);
			runOnlyForDeploymentPostprocessing = 0;
		};
/* End PBXFrameworksBuildPhase section */

/* Begin PBXGroup section */
		2CDF6B2B20A8000F00D7C15E = {
			isa = PBXGroup;
			children = (
				2CDF6B3620A8000F00D7C15E /* hackSdu2Plus */,
				2CDF6B3520A8000F00D7C15E /* Products */,
			);
			sourceTree = "<group>";
		};
		2CDF6B3520A8000F00D7C15E /* Products */ = {
			isa = PBXGroup;
			children = (
				2CDF6B3420A8000F00D7C15E /* hackSdu2Plus.app */,
			);
			name = Products;
			sourceTree = "<group>";
		};
		2CDF6B3620A8000F00D7C15E /* hackSdu2Plus */ = {
			isa = PBXGroup;
			children = (
				2CDF6B3720A8000F00D7C15E /* AppDelegate.swift */,
				2CDF6B3920A8000F00D7C15E /* ViewController.swift */,
				2CDF6B3B20A8000F00D7C15E /* Main.storyboard */,
				2CDF6B4120A8001000D7C15E /* Assets.xcassets */,
				2CDF6B4320A8001000D7C15E /* LaunchScreen.storyboard */,
				2CDF6B4620A8001000D7C15E /* Info.plist */,
				2CDF6B3E20A8000F00D7C15E /* hackSdu2Plus.xcdatamodeld */,
			);
			path = hackSdu2Plus;
			sourceTree = "<group>";
		};
/* End PBXGroup section */

/* Begin PBXNativeTarget section */
		2CDF6B3320A8000F00D7C15E /* hackSdu2Plus */ = {
			isa = PBXNativeTarget;
			buildConfigurationList = 2CDF6B4920A8001000D7C15E /* Build configuration list for PBXNativeTarget "hackSdu2Plus" */;
			buildPhases = (
				2CDF6B3020A8000F00D7C15E /* Sources */,
				2CDF6B3120A8000F00D7C15E /* Frameworks */,
				2CDF6B3220A8000F00D7C15E /* Resources */,
			);
			buildRules = (
			);
			dependencies = (
			);
			name = hackSdu2Plus;
			productName = hackSdu2Plus;
			productReference = 2CDF6B3420A8000F00D7C15E /* hackSdu2Plus.app */;
			productType = "com.apple.product-type.application";
		};
/* End PBXNativeTarget section */

/* Begin PBXProject section */
		2CDF6B2C20A8000F00D7C15E /* Project object */ = {
			isa = PBXProject;
			attributes = {
				LastSwiftUpdateCheck = 0930;
				LastUpgradeCheck = 0930;
				ORGANIZATIONNAME = "Daulet Demeuov";
				TargetAttributes = {
					2CDF6B3320A8000F00D7C15E = {
						CreatedOnToolsVersion = 9.3;
					};
				};
			};
			buildConfigurationList = 2CDF6B2F20A8000F00D7C15E /* Build configuration list for PBXProject "hackSdu2Plus" */;
			compatibilityVersion = "Xcode 9.3";
			developmentRegion = en;
			hasScannedForEncodings = 0;
			knownRegions = (
				en,
				Base,
			);
			mainGroup = 2CDF6B2B20A8000F00D7C15E;
			productRefGroup = 2CDF6B3520A8000F00D7C15E /* Products */;
			projectDirPath = "";
			projectRoot = "";
			targets = (
				2CDF6B3320A8000F00D7C15E /* hackSdu2Plus */,
			);
		};
/* End PBXProject section */

/* Begin PBXResourcesBuildPhase section */
		2CDF6B3220A8000F00D7C15E /* Resources */ = {
			isa = PBXResourcesBuildPhase;
			buildActionMask = 2147483647;
			files = (
				2CDF6B4520A8001000D7C15E /* LaunchScreen.storyboard in Resources */,
				2CDF6B4220A8001000D7C15E /* Assets.xcassets in Resources */,
				2CDF6B3D20A8000F00D7C15E /* Main.storyboard in Resources */,
			);
			runOnlyForDeploymentPostprocessing = 0;
		};
/* End PBXResourcesBuildPhase section */

/* Begin PBXSourcesBuildPhase section */
		2CDF6B3020A8000F00D7C15E /* Sources */ = {
			isa = PBXSourcesBuildPhase;
			buildActionMask = 2147483647;
			files = (
				2CDF6B4020A8000F00D7C15E /* hackSdu2Plus.xcdatamodeld in Sources */,
				2CDF6B3A20A8000F00D7C15E /* ViewController.swift in Sources */,
				2CDF6B3820A8000F00D7C15E /* AppDelegate.swift in Sources */,
			);
			runOnlyForDeploymentPostprocessing = 0;
		};
/* End PBXSourcesBuildPhase section */

/* Begin PBXVariantGroup section */
		2CDF6B3B20A8000F00D7C15E /* Main.storyboard */ = {
			isa = PBXVariantGroup;
			children = (
				2CDF6B3C20A8000F00D7C15E /* Base */,
			);
			name = Main.storyboard;
			sourceTree = "<group>";
		};
		2CDF6B4320A8001000D7C15E /* LaunchScreen.storyboard */ = {
			isa = PBXVariantGroup;
			children = (
				2CDF6B4420A8001000D7C15E /* Base */,
			);
			name = LaunchScreen.storyboard;
			sourceTree = "<group>";
		};
/* End PBXVariantGroup section */

/* Begin XCBuildConfiguration section */
		2CDF6B4720A8001000D7C15E /* Debug */ = {
			isa = XCBuildConfiguration;
			buildSettings = {
				ALWAYS_SEARCH_USER_PATHS = NO;
				CLANG_ANALYZER_NONNULL = YES;
				CLANG_ANALYZER_NUMBER_OBJECT_CONVERSION = YES_AGGRESSIVE;
				CLANG_CXX_LANGUAGE_STANDARD = "gnu++14";
				CLANG_CXX_LIBRARY = "libc++";
				CLANG_ENABLE_MODULES = YES;
				CLANG_ENABLE_OBJC_ARC = YES;
				CLANG_ENABLE_OBJC_WEAK = YES;
				CLANG_WARN_BLOCK_CAPTURE_AUTORELEASING = YES;
				CLANG_WARN_BOOL_CONVERSION = YES;
				CLANG_WARN_COMMA = YES;
				CLANG_WARN_CONSTANT_CONVERSION = YES;
				CLANG_WARN_DEPRECATED_OBJC_IMPLEMENTATIONS = YES;
				CLANG_WARN_DIRECT_OBJC_ISA_USAGE = YES_ERROR;
				CLANG_WARN_DOCUMENTATION_COMMENTS = YES;
				CLANG_WARN_EMPTY_BODY = YES;
				CLANG_WARN_ENUM_CONVERSION = YES;
				CLANG_WARN_INFINITE_RECURSION = YES;
				CLANG_WARN_INT_CONVERSION = YES;
				CLANG_WARN_NON_LITERAL_NULL_CONVERSION = YES;
				CLANG_WARN_OBJC_IMPLICIT_RETAIN_SELF = YES;
				CLANG_WARN_OBJC_LITERAL_CONVERSION = YES;
				CLANG_WARN_OBJC_ROOT_CLASS = YES_ERROR;
				CLANG_WARN_RANGE_LOOP_ANALYSIS = YES;
				CLANG_WARN_STRICT_PROTOTYPES = YES;
				CLANG_WARN_SUSPICIOUS_MOVE = YES;
				CLANG_WARN_UNGUARDED_AVAILABILITY = YES_AGGRESSIVE;
				CLANG_WARN_UNREACHABLE_CODE = YES;
				CLANG_WARN__DUPLICATE_METHOD_MATCH = YES;
				CODE_SIGN_IDENTITY = "iPhone Developer";
				COPY_PHASE_STRIP = NO;
				DEBUG_INFORMATION_FORMAT = dwarf;
				ENABLE_STRICT_OBJC_MSGSEND = YES;
				ENABLE_TESTABILITY = YES;
				GCC_C_LANGUAGE_STANDARD = gnu11;
				GCC_DYNAMIC_NO_PIC = NO;
				GCC_NO_COMMON_BLOCKS = YES;
				GCC_OPTIMIZATION_LEVEL = 0;
				GCC_PREPROCESSOR_DEFINITIONS = (
					"DEBUG=1",
					"$(inherited)",
				);
				GCC_WARN_64_TO_32_BIT_CONVERSION = YES;
				GCC_WARN_ABOUT_RETURN_TYPE = YES_ERROR;
				GCC_WARN_UNDECLARED_SELECTOR = YES;
				GCC_WARN_UNINITIALIZED_AUTOS = YES_AGGRESSIVE;
				GCC_WARN_UNUSED_FUNCTION = YES;
				GCC_WARN_UNUSED_VARIABLE = YES;
				IPHONEOS_DEPLOYMENT_TARGET = 11.3;
				MTL_ENABLE_DEBUG_INFO = YES;
				ONLY_ACTIVE_ARCH = YES;
				SDKROOT = iphoneos;
				SWIFT_ACTIVE_COMPILATION_CONDITIONS = DEBUG;
				SWIFT_OPTIMIZATION_LEVEL = "-Onone";
			};
			name = Debug;
		};
		2CDF6B4820A8001000D7C15E /* Release */ = {
			isa = XCBuildConfiguration;
			buildSettings = {
				ALWAYS_SEARCH_USER_PATHS = NO;
				CLANG_ANALYZER_NONNULL = YES;
				CLANG_ANALYZER_NUMBER_OBJECT_CONVERSION = YES_AGGRESSIVE;
				CLANG_CXX_LANGUAGE_STANDARD = "gnu++14";
				CLANG_CXX_LIBRARY = "libc++";
				CLANG_ENABLE_MODULES = YES;
				CLANG_ENABLE_OBJC_ARC = YES;
				CLANG_ENABLE_OBJC_WEAK = YES;
				CLANG_WARN_BLOCK_CAPTURE_AUTORELEASING = YES;
				CLANG_WARN_BOOL_CONVERSION = YES;
				CLANG_WARN_COMMA = YES;
				CLANG_WARN_CONSTANT_CONVERSION = YES;
				CLANG_WARN_DEPRECATED_OBJC_IMPLEMENTATIONS = YES;
				CLANG_WARN_DIRECT_OBJC_ISA_USAGE = YES_ERROR;
				CLANG_WARN_DOCUMENTATION_COMMENTS = YES;
				CLANG_WARN_EMPTY_BODY = YES;
				CLANG_WARN_ENUM_CONVERSION = YES;
				CLANG_WARN_INFINITE_RECURSION = YES;
				CLANG_WARN_INT_CONVERSION = YES;
				CLANG_WARN_NON_LITERAL_NULL_CONVERSION = YES;
				CLANG_WARN_OBJC_IMPLICIT_RETAIN_SELF = YES;
				CLANG_WARN_OBJC_LITERAL_CONVERSION = YES;
				CLANG_WARN_OBJC_ROOT_CLASS = YES_ERROR;
				CLANG_WARN_RANGE_LOOP_ANALYSIS = YES;
				CLANG_WARN_STRICT_PROTOTYPES = YES;
				CLANG_WARN_SUSPICIOUS_MOVE = YES;
				CLANG_WARN_UNGUARDED_AVAILABILITY = YES_AGGRESSIVE;
				CLANG_WARN_UNREACHABLE_CODE = YES;
				CLANG_WARN__DUPLICATE_METHOD_MATCH = YES;
				CODE_SIGN_IDENTITY = "iPhone Developer";
				COPY_PHASE_STRIP = NO;
				DEBUG_INFORMATION_FORMAT = "dwarf-with-dsym";
				ENABLE_NS_ASSERTIONS = NO;
				ENABLE_STRICT_OBJC_MSGSEND = YES;
				GCC_C_LANGUAGE_STANDARD = gnu11;
				GCC_NO_COMMON_BLOCKS = YES;
				GCC_WARN_64_TO_32_BIT_CONVERSION = YES;
				GCC_WARN_ABOUT_RETURN_TYPE = YES_ERROR;
				GCC_WARN_UNDECLARED_SELECTOR = YES;
				GCC_WARN_UNINITIALIZED_AUTOS = YES_AGGRESSIVE;
				GCC_WARN_UNUSED_FUNCTION = YES;
				GCC_WARN_UNUSED_VARIABLE = YES;
				IPHONEOS_DEPLOYMENT_TARGET = 11.3;
				MTL_ENABLE_DEBUG_INFO = NO;
				SDKROOT = iphoneos;
				SWIFT_COMPILATION_MODE = wholemodule;
				SWIFT_OPTIMIZATION_LEVEL = "-O";
				VALIDATE_PRODUCT = YES;
			};
			name = Release;
		};
		2CDF6B4A20A8001000D7C15E /* Debug */ = {
			isa = XCBuildConfiguration;
			buildSettings = {
				ASSETCATALOG_COMPILER_APPICON_NAME = AppIcon;
				CODE_SIGN_STYLE = Automatic;
				INFOPLIST_FILE = hackSdu2Plus/Info.plist;
				LD_RUNPATH_SEARCH_PATHS = (
					"$(inherited)",
					"@executable_path/Frameworks",
				);
				PRODUCT_BUNDLE_IDENTIFIER = com.ddemeuov.hackSdu2Plus;
				PRODUCT_NAME = "$(TARGET_NAME)";
				SWIFT_VERSION = 4.0;
				TARGETED_DEVICE_FAMILY = "1,2";
			};
			name = Debug;
		};
		2CDF6B4B20A8001000D7C15E /* Release */ = {
			isa = XCBuildConfiguration;
			buildSettings = {
				ASSETCATALOG_COMPILER_APPICON_NAME = AppIcon;
				CODE_SIGN_STYLE = Automatic;
				INFOPLIST_FILE = hackSdu2Plus/Info.plist;
				LD_RUNPATH_SEARCH_PATHS = (
					"$(inherited)",
					"@executable_path/Frameworks",
				);
				PRODUCT_BUNDLE_IDENTIFIER = com.ddemeuov.hackSdu2Plus;
				PRODUCT_NAME = "$(TARGET_NAME)";
				SWIFT_VERSION = 4.0;
				TARGETED_DEVICE_FAMILY = "1,2";
			};
			name = Release;
		};
/* End XCBuildConfiguration section */

/* Begin XCConfigurationList section */
		2CDF6B2F20A8000F00D7C15E /* Build configuration list for PBXProject "hackSdu2Plus" */ = {
			isa = XCConfigurationList;
			buildConfigurations = (
				2CDF6B4720A8001000D7C15E /* Debug */,
				2CDF6B4820A8001000D7C15E /* Release */,
			);
			defaultConfigurationIsVisible = 0;
			defaultConfigurationName = Release;
		};
		2CDF6B4920A8001000D7C15E /* Build configuration list for PBXNativeTarget "hackSdu2Plus" */ = {
			isa = XCConfigurationList;
			buildConfigurations = (
				2CDF6B4A20A8001000D7C15E /* Debug */,
				2CDF6B4B20A8001000D7C15E /* Release */,
			);
			defaultConfigurationIsVisible = 0;
			defaultConfigurationName = Release;
		};
/* End XCConfigurationList section */

/* Begin XCVersionGroup section */
		2CDF6B3E20A8000F00D7C15E /* hackSdu2Plus.xcdatamodeld */ = {
			isa = XCVersionGroup;
			children = (
				2CDF6B3F20A8000F00D7C15E /* hackSdu2Plus.xcdatamodel */,
			);
			currentVersion = 2CDF6B3F20A8000F00D7C15E /* hackSdu2Plus.xcdatamodel */;
			path = hackSdu2Plus.xcdatamodeld;
			sourceTree = "<group>";
			versionGroupType = wrapper.xcdatamodel;
		};
/* End XCVersionGroup section */
	};
	rootObject = 2CDF6B2C20A8000F00D7C15E /* Project object */;
}
